// !$*UTF8*$!
{
	archiveVersion = 1;
	classes = {
	};
	objectVersion = 77;
	objects = {

/* Begin PBXBuildFile section */
		4BBF66DB2F5379B100D2EF87 /* README.md in Resources */ = {isa = PBXBuildFile; fileRef = 4BBF66DA2F5379AC00D2EF87 /* README.md */; };
		4BBF66E02F53B5FF00D2EF87 /* CLAUDE.md in Resources */ = {isa = PBXBuildFile; fileRef = 4BBF66DE2F53B5FF00D2EF87 /* CLAUDE.md */; };
		4BBF66E12F53B5FF00D2EF87 /* JOTTLR_DEVELOPMENT_PLAN.md in Resources */ = {isa = PBXBuildFile; fileRef = 4BBF66DF2F53B5FF00D2EF87 /* JOTTLR_DEVELOPMENT_PLAN.md */; };
/* End PBXBuildFile section */

/* Begin PBXContainerItemProxy section */
		4BBF66BE2F53494200D2EF87 /* PBXContainerItemProxy */ = {
			isa = PBXContainerItemProxy;
			containerPortal = 4BBF66A62F53494100D2EF87 /* Project object */;
			proxyType = 1;
			remoteGlobalIDString = 4BBF66AD2F53494100D2EF87;
			remoteInfo = Jottlr;
		};
		4BBF66C82F53494200D2EF87 /* PBXContainerItemProxy */ = {
			isa = PBXContainerItemProxy;
			containerPortal = 4BBF66A62F53494100D2EF87 /* Project object */;
			proxyType = 1;
			remoteGlobalIDString = 4BBF66AD2F53494100D2EF87;
			remoteInfo = Jottlr;
		};
/* End PBXContainerItemProxy section */

/* Begin PBXFileReference section */
		4BBF66AE2F53494100D2EF87 /* Jottlr.app */ = {isa = PBXFileReference; explicitFileType = wrapper.application; includeInIndex = 0; path = Jottlr.app; sourceTree = BUILT_PRODUCTS_DIR; };
		4BBF66BD2F53494200D2EF87 /* JottlrTests.xctest */ = {isa = PBXFileReference; explicitFileType = wrapper.cfbundle; includeInIndex = 0; path = JottlrTests.xctest; sourceTree = BUILT_PRODUCTS_DIR; };
		4BBF66C72F53494200D2EF87 /* JottlrUITests.xctest */ = {isa = PBXFileReference; explicitFileType = wrapper.cfbundle; includeInIndex = 0; path = JottlrUITests.xctest; sourceTree = BUILT_PRODUCTS_DIR; };
		4BBF66DA2F5379AC00D2EF87 /* README.md */ = {isa = PBXFileReference; lastKnownFileType = net.daringfireball.markdown; path = README.md; sourceTree = "<group>"; };
		4BBF66DE2F53B5FF00D2EF87 /* CLAUDE.md */ = {isa = PBXFileReference; lastKnownFileType = net.daringfireball.markdown; path = CLAUDE.md; sourceTree = "<group>"; };
		4BBF66DF2F53B5FF00D2EF87 /* JOTTLR_DEVELOPMENT_PLAN.md */ = {isa = PBXFileReference; lastKnownFileType = net.daringfireball.markdown; path = JOTTLR_DEVELOPMENT_PLAN.md; sourceTree = "<group>"; };
/* End PBXFileReference section */

/* Begin PBXFileSystemSynchronizedRootGroup section */
		4BBF66B02F53494100D2EF87 /* Jottlr */ = {
			isa = PBXFileSystemSynchronizedRootGroup;
			path = Jottlr;
			sourceTree = "<group>";
		};
		4BBF66C02F53494200D2EF87 /* JottlrTests */ = {
			isa = PBXFileSystemSynchronizedRootGroup;
			path = JottlrTests;
			sourceTree = "<group>";
		};
		4BBF66CA2F53494200D2EF87 /* JottlrUITests */ = {
			isa = PBXFileSystemSynchronizedRootGroup;
			path = JottlrUITests;
			sourceTree = "<group>";
		};
/* End PBXFileSystemSynchronizedRootGroup section */

/* Begin PBXFrameworksBuildPhase section */
		4BBF66AB2F53494100D2EF87 /* Frameworks */ = {
			isa = PBXFrameworksBuildPhase;
			buildActionMask = 2147483647;
			files = (
			);
			runOnlyForDeploymentPostprocessing = 0;
		};
		4BBF66BA2F53494200D2EF87 /* Frameworks */ = {
			isa = PBXFrameworksBuildPhase;
			buildActionMask = 2147483647;
			files = (
			);
			runOnlyForDeploymentPostprocessing = 0;
		};
		4BBF66C42F53494200D2EF87 /* Frameworks */ = {
			isa = PBXFrameworksBuildPhase;
			buildActionMask = 2147483647;
			files = (
			);
			runOnlyForDeploymentPostprocessing = 0;
		};
/* End PBXFrameworksBuildPhase section */

/* Begin PBXGroup section */
		4BBF66A52F53494100D2EF87 = {
			isa = PBXGroup;
			children = (
				4BBF66DA2F5379AC00D2EF87 /* README.md */,
				4BBF66B02F53494100D2EF87 /* Jottlr */,
				4BBF66C02F53494200D2EF87 /* JottlrTests */,
				4BBF66CA2F53494200D2EF87 /* JottlrUITests */,
				4BBF66AF2F53494100D2EF87 /* Products */,
				4BBF66DE2F53B5FF00D2EF87 /* CLAUDE.md */,
				4BBF66DF2F53B5FF00D2EF87 /* JOTTLR_DEVELOPMENT_PLAN.md */,
			);
			sourceTree = "<group>";
		};
		4BBF66AF2F53494100D2EF87 /* Products */ = {
			isa = PBXGroup;
			children = (
				4BBF66AE2F53494100D2EF87 /* Jottlr.app */,
				4BBF66BD2F53494200D2EF87 /* JottlrTests.xctest */,
				4BBF66C72F53494200D2EF87 /* JottlrUITests.xctest */,
			);
			name = Products;
			sourceTree = "<group>";
		};
/* End PBXGroup section */

/* Begin PBXNativeTarget section */
		4BBF66AD2F53494100D2EF87 /* Jottlr */ = {
			isa = PBXNativeTarget;
			buildConfigurationList = 4BBF66D12F53494200D2EF87 /* Build configuration list for PBXNativeTarget "Jottlr" */;
			buildPhases = (
				4BBF66AA2F53494100D2EF87 /* Sources */,
				4BBF66AB2F53494100D2EF87 /* Frameworks */,
				4BBF66AC2F53494100D2EF87 /* Resources */,
			);
			buildRules = (
			);
			dependencies = (
			);
			fileSystemSynchronizedGroups = (
				4BBF66B02F53494100D2EF87 /* Jottlr */,
			);
			name = Jottlr;
			packageProductDependencies = (
			);
			productName = Jottlr;
			productReference = 4BBF66AE2F53494100D2EF87 /* Jottlr.app */;
			productType = "com.apple.product-type.application";
		};
		4BBF66BC2F53494200D2EF87 /* JottlrTests */ = {
			isa = PBXNativeTarget;
			buildConfigurationList = 4BBF66D42F53494200D2EF87 /* Build configuration list for PBXNativeTarget "JottlrTests" */;
			buildPhases = (
				4BBF66B92F53494200D2EF87 /* Sources */,
				4BBF66BA2F53494200D2EF87 /* Frameworks */,
				4BBF66BB2F53494200D2EF87 /* Resources */,
			);
			buildRules = (
			);
			dependencies = (
				4BBF66BF2F53494200D2EF87 /* PBXTargetDependency */,
			);
			fileSystemSynchronizedGroups = (
				4BBF66C02F53494200D2EF87 /* JottlrTests */,
			);
			name = JottlrTests;
			packageProductDependencies = (
			);
			productName = JottlrTests;
			productReference = 4BBF66BD2F53494200D2EF87 /* JottlrTests.xctest */;
			productType = "com.apple.product-type.bundle.unit-test";
		};
		4BBF66C62F53494200D2EF87 /* JottlrUITests */ = {
			isa = PBXNativeTarget;
			buildConfigurationList = 4BBF66D72F53494200D2EF87 /* Build configuration list for PBXNativeTarget "JottlrUITests" */;
			buildPhases = (
				4BBF66C32F53494200D2EF87 /* Sources */,
				4BBF66C42F53494200D2EF87 /* Frameworks */,
				4BBF66C52F53494200D2EF87 /* Resources */,
			);
			buildRules = (
			);
			dependencies = (
				4BBF66C92F53494200D2EF87 /* PBXTargetDependency */,
			);
			fileSystemSynchronizedGroups = (
				4BBF66CA2F53494200D2EF87 /* JottlrUITests */,
			);
			name = JottlrUITests;
			packageProductDependencies = (
			);
			productName = JottlrUITests;
			productReference = 4BBF66C72F53494200D2EF87 /* JottlrUITests.xctest */;
			productType = "com.apple.product-type.bundle.ui-testing";
		};
/* End PBXNativeTarget section */

/* Begin PBXProject section */
		4BBF66A62F53494100D2EF87 /* Project object */ = {
			isa = PBXProject;
			attributes = {
				BuildIndependentTargetsInParallel = 1;
				LastSwiftUpdateCheck = 2630;
				LastUpgradeCheck = 2630;
				TargetAttributes = {
					4BBF66AD2F53494100D2EF87 = {
						CreatedOnToolsVersion = 26.3;
					};
					4BBF66BC2F53494200D2EF87 = {
						CreatedOnToolsVersion = 26.3;
						TestTargetID = 4BBF66AD2F53494100D2EF87;
					};
					4BBF66C62F53494200D2EF87 = {
						CreatedOnToolsVersion = 26.3;
						TestTargetID = 4BBF66AD2F53494100D2EF87;
					};
				};
			};
			buildConfigurationList = 4BBF66A92F53494100D2EF87 /* Build configuration list for PBXProject "Jottlr" */;
			developmentRegion = en;
			hasScannedForEncodings = 0;
			knownRegions = (
				en,
				Base,
			);
			mainGroup = 4BBF66A52F53494100D2EF87;
			minimizedProjectReferenceProxies = 1;
			preferredProjectObjectVersion = 77;
			productRefGroup = 4BBF66AF2F53494100D2EF87 /* Products */;
			projectDirPath = "";
			projectRoot = "";
			targets = (
				4BBF66AD2F53494100D2EF87 /* Jottlr */,
				4BBF66BC2F53494200D2EF87 /* JottlrTests */,
				4BBF66C62F53494200D2EF87 /* JottlrUITests */,
			);
		};
/* End PBXProject section */

/* Begin PBXResourcesBuildPhase section */
		4BBF66AC2F53494100D2EF87 /* Resources */ = {
			isa = PBXResourcesBuildPhase;
			buildActionMask = 2147483647;
			files = (
				4BBF66E02F53B5FF00D2EF87 /* CLAUDE.md in Resources */,
				4BBF66E12F53B5FF00D2EF87 /* JOTTLR_DEVELOPMENT_PLAN.md in Resources */,
				4BBF66DB2F5379B100D2EF87 /* README.md in Resources */,
			);
			runOnlyForDeploymentPostprocessing = 0;
		};
		4BBF66BB2F53494200D2EF87 /* Resources */ = {
			isa = PBXResourcesBuildPhase;
			buildActionMask = 2147483647;
			files = (
			);
			runOnlyForDeploymentPostprocessing = 0;
		};
		4BBF66C52F53494200D2EF87 /* Resources */ = {
			isa = PBXResourcesBuildPhase;
			buildActionMask = 2147483647;
			files = (
			);
			runOnlyForDeploymentPostprocessing = 0;
		};
/* End PBXResourcesBuildPhase section */

/* Begin PBXSourcesBuildPhase section */
		4BBF66AA2F53494100D2EF87 /* Sources */ = {
			isa = PBXSourcesBuildPhase;
			buildActionMask = 2147483647;
			files = (
			);
			runOnlyForDeploymentPostprocessing = 0;
		};
		4BBF66B92F53494200D2EF87 /* Sources */ = {
			isa = PBXSourcesBuildPhase;
			buildActionMask = 2147483647;
			files = (
			);
			runOnlyForDeploymentPostprocessing = 0;
		};
		4BBF66C32F53494200D2EF87 /* Sources */ = {
			isa = PBXSourcesBuildPhase;
			buildActionMask = 2147483647;
			files = (
			);
			runOnlyForDeploymentPostprocessing = 0;
		};
/* End PBXSourcesBuildPhase section */

/* Begin PBXTargetDependency section */
		4BBF66BF2F53494200D2EF87 /* PBXTargetDependency */ = {
			isa = PBXTargetDependency;
			target = 4BBF66AD2F53494100D2EF87 /* Jottlr */;
			targetProxy = 4BBF66BE2F53494200D2EF87 /* PBXContainerItemProxy */;
		};
		4BBF66C92F53494200D2EF87 /* PBXTargetDependency */ = {
			isa = PBXTargetDependency;
			target = 4BBF66AD2F53494100D2EF87 /* Jottlr */;
			targetProxy = 4BBF66C82F53494200D2EF87 /* PBXContainerItemProxy */;
		};
/* End PBXTargetDependency section */

/* Begin XCBuildConfiguration section */
		4BBF66CF2F53494200D2EF87 /* Debug */ = {
			isa = XCBuildConfiguration;
			buildSettings = {
				ALWAYS_SEARCH_USER_PATHS = NO;
				ASSETCATALOG_COMPILER_GENERATE_SWIFT_ASSET_SYMBOL_EXTENSIONS = YES;
				CLANG_ANALYZER_NONNULL = YES;
				CLANG_ANALYZER_NUMBER_OBJECT_CONVERSION = YES_AGGRESSIVE;
				CLANG_CXX_LANGUAGE_STANDARD = "gnu++20";
				CLANG_ENABLE_MODULES = YES;
				CLANG_ENABLE_OBJC_ARC = YES;
				CLANG_ENABLE_OBJC_WEAK = YES;
				CLANG_WARN_BLOCK_CAPTURE_AUTORELEASING = YES;
				CLANG_WARN_BOOL_CONVERSION = YES;
				CLANG_WARN_COMMA = YES;
				CLANG_WARN_CONSTANT_CONVERSION = YES;
				CLANG_WARN_DEPRECATED_OBJC_IMPLEMENTATIONS = YES;
				CLANG_WARN_DIRECT_OBJC_ISA_USAGE = YES_ERROR;
				CLANG_WARN_DOCUMENTATION_COMMENTS = YES;
				CLANG_WARN_EMPTY_BODY = YES;
				CLANG_WARN_ENUM_CONVERSION = YES;
				CLANG_WARN_INFINITE_RECURSION = YES;
				CLANG_WARN_INT_CONVERSION = YES;
				CLANG_WARN_NON_LITERAL_NULL_CONVERSION = YES;
				CLANG_WARN_OBJC_IMPLICIT_RETAIN_SELF = YES;
				CLANG_WARN_OBJC_LITERAL_CONVERSION = YES;
				CLANG_WARN_OBJC_ROOT_CLASS = YES_ERROR;
				CLANG_WARN_QUOTED_INCLUDE_IN_FRAMEWORK_HEADER = YES;
				CLANG_WARN_RANGE_LOOP_ANALYSIS = YES;
				CLANG_WARN_STRICT_PROTOTYPES = YES;
				CLANG_WARN_SUSPICIOUS_MOVE = YES;
				CLANG_WARN_UNGUARDED_AVAILABILITY = YES_AGGRESSIVE;
				CLANG_WARN_UNREACHABLE_CODE = YES;
				CLANG_WARN__DUPLICATE_METHOD_MATCH = YES;
				COPY_PHASE_STRIP = NO;
				DEBUG_INFORMATION_FORMAT = dwarf;
				DEVELOPMENT_TEAM = MR3UU5U69K;
				ENABLE_STRICT_OBJC_MSGSEND = YES;
				ENABLE_TESTABILITY = YES;
				ENABLE_USER_SCRIPT_SANDBOXING = YES;
				GCC_C_LANGUAGE_STANDARD = gnu17;
				GCC_DYNAMIC_NO_PIC = NO;
				GCC_NO_COMMON_BLOCKS = YES;
				GCC_OPTIMIZATION_LEVEL = 0;
				GCC_PREPROCESSOR_DEFINITIONS = (
					"DEBUG=1",
					"$(inherited)",
				);
				GCC_WARN_64_TO_32_BIT_CONVERSION = YES;
				GCC_WARN_ABOUT_RETURN_TYPE = YES_ERROR;
				GCC_WARN_UNDECLARED_SELECTOR = YES;
				GCC_WARN_UNINITIALIZED_AUTOS = YES_AGGRESSIVE;
				GCC_WARN_UNUSED_FUNCTION = YES;
				GCC_WARN_UNUSED_VARIABLE = YES;
				LOCALIZATION_PREFERS_STRING_CATALOGS = YES;
				MACOSX_DEPLOYMENT_TARGET = 26.2;
				MTL_ENABLE_DEBUG_INFO = INCLUDE_SOURCE;
				MTL_FAST_MATH = YES;
				ONLY_ACTIVE_ARCH = YES;
				SDKROOT = macosx;
				SWIFT_ACTIVE_COMPILATION_CONDITIONS = "DEBUG $(inherited)";
				SWIFT_OPTIMIZATION_LEVEL = "-Onone";
			};
			name = Debug;
		};
		4BBF66D02F53494200D2EF87 /* Release */ = {
			isa = XCBuildConfiguration;
			buildSettings = {
				ALWAYS_SEARCH_USER_PATHS = NO;
				ASSETCATALOG_COMPILER_GENERATE_SWIFT_ASSET_SYMBOL_EXTENSIONS = YES;
				CLANG_ANALYZER_NONNULL = YES;
				CLANG_ANALYZER_NUMBER_OBJECT_CONVERSION = YES_AGGRESSIVE;
				CLANG_CXX_LANGUAGE_STANDARD = "gnu++20";
				CLANG_ENABLE_MODULES = YES;
				CLANG_ENABLE_OBJC_ARC = YES;
				CLANG_ENABLE_OBJC_WEAK = YES;
				CLANG_WARN_BLOCK_CAPTURE_AUTORELEASING = YES;
				CLANG_WARN_BOOL_CONVERSION = YES;
				CLANG_WARN_COMMA = YES;
				CLANG_WARN_CONSTANT_CONVERSION = YES;
				CLANG_WARN_DEPRECATED_OBJC_IMPLEMENTATIONS = YES;
				CLANG_WARN_DIRECT_OBJC_ISA_USAGE = YES_ERROR;
				CLANG_WARN_DOCUMENTATION_COMMENTS = YES;
				CLANG_WARN_EMPTY_BODY = YES;
				CLANG_WARN_ENUM_CONVERSION = YES;
				CLANG_WARN_INFINITE_RECURSION = YES;
				CLANG_WARN_INT_CONVERSION = YES;
				CLANG_WARN_NON_LITERAL_NULL_CONVERSION = YES;
				CLANG_WARN_OBJC_IMPLICIT_RETAIN_SELF = YES;
				CLANG_WARN_OBJC_LITERAL_CONVERSION = YES;
				CLANG_WARN_OBJC_ROOT_CLASS = YES_ERROR;
				CLANG_WARN_QUOTED_INCLUDE_IN_FRAMEWORK_HEADER = YES;
				CLANG_WARN_RANGE_LOOP_ANALYSIS = YES;
				CLANG_WARN_STRICT_PROTOTYPES = YES;
				CLANG_WARN_SUSPICIOUS_MOVE = YES;
				CLANG_WARN_UNGUARDED_AVAILABILITY = YES_AGGRESSIVE;
				CLANG_WARN_UNREACHABLE_CODE = YES;
				CLANG_WARN__DUPLICATE_METHOD_MATCH = YES;
				COPY_PHASE_STRIP = NO;
				DEBUG_INFORMATION_FORMAT = "dwarf-with-dsym";
				DEVELOPMENT_TEAM = MR3UU5U69K;
				ENABLE_NS_ASSERTIONS = NO;
				ENABLE_STRICT_OBJC_MSGSEND = YES;
				ENABLE_USER_SCRIPT_SANDBOXING = YES;
				GCC_C_LANGUAGE_STANDARD = gnu17;
				GCC_NO_COMMON_BLOCKS = YES;
				GCC_WARN_64_TO_32_BIT_CONVERSION = YES;
				GCC_WARN_ABOUT_RETURN_TYPE = YES_ERROR;
				GCC_WARN_UNDECLARED_SELECTOR = YES;
				GCC_WARN_UNINITIALIZED_AUTOS = YES_AGGRESSIVE;
				GCC_WARN_UNUSED_FUNCTION = YES;
				GCC_WARN_UNUSED_VARIABLE = YES;
				LOCALIZATION_PREFERS_STRING_CATALOGS = YES;
				MACOSX_DEPLOYMENT_TARGET = 26.2;
				MTL_ENABLE_DEBUG_INFO = NO;
				MTL_FAST_MATH = YES;
				SDKROOT = macosx;
				SWIFT_COMPILATION_MODE = wholemodule;
			};
			name = Release;
		};
		4BBF66D22F53494200D2EF87 /* Debug */ = {
			isa = XCBuildConfiguration;
			buildSettings = {
				ASSETCATALOG_COMPILER_APPICON_NAME = AppIcon;
				ASSETCATALOG_COMPILER_GLOBAL_ACCENT_COLOR_NAME = AccentColor;
				CODE_SIGN_STYLE = Automatic;
				COMBINE_HIDPI_IMAGES = YES;
				CURRENT_PROJECT_VERSION = 1;
				DEVELOPMENT_TEAM = MR3UU5U69K;
				ENABLE_APP_SANDBOX = YES;
				ENABLE_HARDENED_RUNTIME = YES;
				ENABLE_PREVIEWS = YES;
				ENABLE_USER_SELECTED_FILES = readonly;
				GENERATE_INFOPLIST_FILE = YES;
				INFOPLIST_KEY_NSHumanReadableCopyright = "";
				LD_RUNPATH_SEARCH_PATHS = (
					"$(inherited)",
					"@executable_path/../Frameworks",
				);
				MARKETING_VERSION = 1.0;
				PRODUCT_BUNDLE_IDENTIFIER = com.jottlr.Jottlr;
				PRODUCT_NAME = "$(TARGET_NAME)";
				REGISTER_APP_GROUPS = YES;
				STRING_CATALOG_GENERATE_SYMBOLS = YES;
				SWIFT_APPROACHABLE_CONCURRENCY = YES;
				SWIFT_DEFAULT_ACTOR_ISOLATION = MainActor;
				SWIFT_EMIT_LOC_STRINGS = YES;
				SWIFT_UPCOMING_FEATURE_MEMBER_IMPORT_VISIBILITY = YES;
				SWIFT_VERSION = 5.0;
			};
			name = Debug;
		};
		4BBF66D32F53494200D2EF87 /* Release */ = {
			isa = XCBuildConfiguration;
			buildSettings = {
				ASSETCATALOG_COMPILER_APPICON_NAME = AppIcon;
				ASSETCATALOG_COMPILER_GLOBAL_ACCENT_COLOR_NAME = AccentColor;
				CODE_SIGN_STYLE = Automatic;
				COMBINE_HIDPI_IMAGES = YES;
				CURRENT_PROJECT_VERSION = 1;
				DEVELOPMENT_TEAM = MR3UU5U69K;
				ENABLE_APP_SANDBOX = YES;
				ENABLE_HARDENED_RUNTIME = YES;
				ENABLE_PREVIEWS = YES;
				ENABLE_USER_SELECTED_FILES = readonly;
				GENERATE_INFOPLIST_FILE = YES;
				INFOPLIST_KEY_NSHumanReadableCopyright = "";
				LD_RUNPATH_SEARCH_PATHS = (
					"$(inherited)",
					"@executable_path/../Frameworks",
				);
				MARKETING_VERSION = 1.0;
				PRODUCT_BUNDLE_IDENTIFIER = com.jottlr.Jottlr;
				PRODUCT_NAME = "$(TARGET_NAME)";
				REGISTER_APP_GROUPS = YES;
				STRING_CATALOG_GENERATE_SYMBOLS = YES;
				SWIFT_APPROACHABLE_CONCURRENCY = YES;
				SWIFT_DEFAULT_ACTOR_ISOLATION = MainActor;
				SWIFT_EMIT_LOC_STRINGS = YES;
				SWIFT_UPCOMING_FEATURE_MEMBER_IMPORT_VISIBILITY = YES;
				SWIFT_VERSION = 5.0;
			};
			name = Release;
		};
		4BBF66D52F53494200D2EF87 /* Debug */ = {
			isa = XCBuildConfiguration;
			buildSettings = {
				BUNDLE_LOADER = "$(TEST_HOST)";
				CODE_SIGN_STYLE = Automatic;
				CURRENT_PROJECT_VERSION = 1;
				DEVELOPMENT_TEAM = MR3UU5U69K;
				GENERATE_INFOPLIST_FILE = YES;
				MACOSX_DEPLOYMENT_TARGET = 26.2;
				MARKETING_VERSION = 1.0;
				PRODUCT_BUNDLE_IDENTIFIER = com.jottlr.JottlrTests;
				PRODUCT_NAME = "$(TARGET_NAME)";
				STRING_CATALOG_GENERATE_SYMBOLS = NO;
				SWIFT_APPROACHABLE_CONCURRENCY = YES;
				SWIFT_EMIT_LOC_STRINGS = NO;
				SWIFT_UPCOMING_FEATURE_MEMBER_IMPORT_VISIBILITY = YES;
				SWIFT_VERSION = 5.0;
				TEST_HOST = "$(BUILT_PRODUCTS_DIR)/Jottlr.app/$(BUNDLE_EXECUTABLE_FOLDER_PATH)/Jottlr";
			};
			name = Debug;
		};
		4BBF66D62F53494200D2EF87 /* Release */ = {
			isa = XCBuildConfiguration;
			buildSettings = {
				BUNDLE_LOADER = "$(TEST_HOST)";
				CODE_SIGN_STYLE = Automatic;
				CURRENT_PROJECT_VERSION = 1;
				DEVELOPMENT_TEAM = MR3UU5U69K;
				GENERATE_INFOPLIST_FILE = YES;
				MACOSX_DEPLOYMENT_TARGET = 26.2;
				MARKETING_VERSION = 1.0;
				PRODUCT_BUNDLE_IDENTIFIER = com.jottlr.JottlrTests;
				PRODUCT_NAME = "$(TARGET_NAME)";
				STRING_CATALOG_GENERATE_SYMBOLS = NO;
				SWIFT_APPROACHABLE_CONCURRENCY = YES;
				SWIFT_EMIT_LOC_STRINGS = NO;
				SWIFT_UPCOMING_FEATURE_MEMBER_IMPORT_VISIBILITY = YES;
				SWIFT_VERSION = 5.0;
				TEST_HOST = "$(BUILT_PRODUCTS_DIR)/Jottlr.app/$(BUNDLE_EXECUTABLE_FOLDER_PATH)/Jottlr";
			};
			name = Release;
		};
		4BBF66D82F53494200D2EF87 /* Debug */ = {
			isa = XCBuildConfiguration;
			buildSettings = {
				CODE_SIGN_STYLE = Automatic;
				CURRENT_PROJECT_VERSION = 1;
				DEVELOPMENT_TEAM = MR3UU5U69K;
				GENERATE_INFOPLIST_FILE = YES;
				MARKETING_VERSION = 1.0;
				PRODUCT_BUNDLE_IDENTIFIER = com.jottlr.JottlrUITests;
				PRODUCT_NAME = "$(TARGET_NAME)";
				STRING_CATALOG_GENERATE_SYMBOLS = NO;
				SWIFT_APPROACHABLE_CONCURRENCY = YES;
				SWIFT_EMIT_LOC_STRINGS = NO;
				SWIFT_UPCOMING_FEATURE_MEMBER_IMPORT_VISIBILITY = YES;
				SWIFT_VERSION = 5.0;
				TEST_TARGET_NAME = Jottlr;
			};
			name = Debug;
		};
		4BBF66D92F53494200D2EF87 /* Release */ = {
			isa = XCBuildConfiguration;
			buildSettings = {
				CODE_SIGN_STYLE = Automatic;
				CURRENT_PROJECT_VERSION = 1;
				DEVELOPMENT_TEAM = MR3UU5U69K;
				GENERATE_INFOPLIST_FILE = YES;
				MARKETING_VERSION = 1.0;
				PRODUCT_BUNDLE_IDENTIFIER = com.jottlr.JottlrUITests;
				PRODUCT_NAME = "$(TARGET_NAME)";
				STRING_CATALOG_GENERATE_SYMBOLS = NO;
				SWIFT_APPROACHABLE_CONCURRENCY = YES;
				SWIFT_EMIT_LOC_STRINGS = NO;
				SWIFT_UPCOMING_FEATURE_MEMBER_IMPORT_VISIBILITY = YES;
				SWIFT_VERSION = 5.0;
				TEST_TARGET_NAME = Jottlr;
			};
			name = Release;
		};
/* End XCBuildConfiguration section */

/* Begin XCConfigurationList section */
		4BBF66A92F53494100D2EF87 /* Build configuration list for PBXProject "Jottlr" */ = {
			isa = XCConfigurationList;
			buildConfigurations = (
				4BBF66CF2F53494200D2EF87 /* Debug */,
				4BBF66D02F53494200D2EF87 /* Release */,
			);
			defaultConfigurationIsVisible = 0;
			defaultConfigurationName = Release;
		};
		4BBF66D12F53494200D2EF87 /* Build configuration list for PBXNativeTarget "Jottlr" */ = {
			isa = XCConfigurationList;
			buildConfigurations = (
				4BBF66D22F53494200D2EF87 /* Debug */,
				4BBF66D32F53494200D2EF87 /* Release */,
			);
			defaultConfigurationIsVisible = 0;
			defaultConfigurationName = Release;
		};
		4BBF66D42F53494200D2EF87 /* Build configuration list for PBXNativeTarget "JottlrTests" */ = {
			isa = XCConfigurationList;
			buildConfigurations = (
				4BBF66D52F53494200D2EF87 /* Debug */,
				4BBF66D62F53494200D2EF87 /* Release */,
			);
			defaultConfigurationIsVisible = 0;
			defaultConfigurationName = Release;
		};
		4BBF66D72F53494200D2EF87 /* Build configuration list for PBXNativeTarget "JottlrUITests" */ = {
			isa = XCConfigurationList;
			buildConfigurations = (
				4BBF66D82F53494200D2EF87 /* Debug */,
				4BBF66D92F53494200D2EF87 /* Release */,
			);
			defaultConfigurationIsVisible = 0;
			defaultConfigurationName = Release;
		};
/* End XCConfigurationList section */
	};
	rootObject = 4BBF66A62F53494100D2EF87 /* Project object */;
}
